
Microsoft Visual Studio Solution File, Format Version 12.00
# Visual Studio 15
VisualStudioVersion = 15.0.27130.2036
MinimumVisualStudioVersion = 10.0.40219.1
Project("{9A19103F-16F7-4668-BE54-9A1E7A4F7556}") = "prototype", "prototype\prototype.csproj", "{C77E6BAA-DD16-44A2-B22B-70B2247E211D}"
EndProject
Project("{FAE04EC0-301F-11D3-BF4B-00C04F79EFBC}") = "WorkAuthBlockChain", "WorkAuthBlockChain\WorkAuthBlockChain.csproj", "{ED585732-CACF-4683-9206-2F78975A6D4B}"
EndProject
Global
	GlobalSection(SolutionConfigurationPlatforms) = preSolution
		Debug|Any CPU = Debug|Any CPU
		Debug|x64 = Debug|x64
		Release|Any CPU = Release|Any CPU
		Release|x64 = Release|x64
	EndGlobalSection
	GlobalSection(ProjectConfigurationPlatforms) = postSolution
		{C77E6BAA-DD16-44A2-B22B-70B2247E211D}.Debug|Any CPU.ActiveCfg = Debug|Any CPU
		{C77E6BAA-DD16-44A2-B22B-70B2247E211D}.Debug|Any CPU.Build.0 = Debug|Any CPU
		{C77E6BAA-DD16-44A2-B22B-70B2247E211D}.Debug|x64.ActiveCfg = Debug|x64
		{C77E6BAA-DD16-44A2-B22B-70B2247E211D}.Debug|x64.Build.0 = Debug|x64
		{C77E6BAA-DD16-44A2-B22B-70B2247E211D}.Release|Any CPU.ActiveCfg = Release|Any CPU
		{C77E6BAA-DD16-44A2-B22B-70B2247E211D}.Release|Any CPU.Build.0 = Release|Any CPU
		{C77E6BAA-DD16-44A2-B22B-70B2247E211D}.Release|x64.ActiveCfg = Release|x64
		{C77E6BAA-DD16-44A2-B22B-70B2247E211D}.Release|x64.Build.0 = Release|x64
		{ED585732-CACF-4683-9206-2F78975A6D4B}.Debug|Any CPU.ActiveCfg = Debug|Any CPU
		{ED585732-CACF-4683-9206-2F78975A6D4B}.Debug|Any CPU.Build.0 = Debug|Any CPU
		{ED585732-CACF-4683-9206-2F78975A6D4B}.Debug|x64.ActiveCfg = Debug|Any CPU
		{ED585732-CACF-4683-9206-2F78975A6D4B}.Debug|x64.Build.0 = Debug|Any CPU
		{ED585732-CACF-4683-9206-2F78975A6D4B}.Release|Any CPU.ActiveCfg = Release|Any CPU
		{ED585732-CACF-4683-9206-2F78975A6D4B}.Release|Any CPU.Build.0 = Release|Any CPU
		{ED585732-CACF-4683-9206-2F78975A6D4B}.Release|x64.ActiveCfg = Release|Any CPU
		{ED585732-CACF-4683-9206-2F78975A6D4B}.Release|x64.Build.0 = Release|Any CPU
	EndGlobalSection
	GlobalSection(SolutionProperties) = preSolution
		HideSolutionNode = FALSE
	EndGlobalSection
	GlobalSection(ExtensibilityGlobals) = postSolution
		SolutionGuid = {2BD4079E-F4A1-4CC8-A8D3-5B820DC60E13}
	EndGlobalSection
EndGlobal
